// !$*UTF8*$!
{
	archiveVersion = 1;
	classes = {
	};
	objectVersion = 46;
	objects = {

/* Begin PBXBuildFile section */
		DA18CE511B23EDE2000C9971 /* GoCommentRichView.m in Sources */ = {isa = PBXBuildFile; fileRef = DA18CE501B23EDE2000C9971 /* GoCommentRichView.m */; };
		DA8890581B22D7700071A646 /* main.m in Sources */ = {isa = PBXBuildFile; fileRef = DA8890571B22D7700071A646 /* main.m */; };
		DA88905B1B22D7700071A646 /* AppDelegate.m in Sources */ = {isa = PBXBuildFile; fileRef = DA88905A1B22D7700071A646 /* AppDelegate.m */; };
		DA88905E1B22D7700071A646 /* ViewController.m in Sources */ = {isa = PBXBuildFile; fileRef = DA88905D1B22D7700071A646 /* ViewController.m */; };
		DA8890611B22D7700071A646 /* Main.storyboard in Resources */ = {isa = PBXBuildFile; fileRef = DA88905F1B22D7700071A646 /* Main.storyboard */; };
		DA8890631B22D7700071A646 /* Images.xcassets in Resources */ = {isa = PBXBuildFile; fileRef = DA8890621B22D7700071A646 /* Images.xcassets */; };
		DA8890661B22D7700071A646 /* LaunchScreen.xib in Resources */ = {isa = PBXBuildFile; fileRef = DA8890641B22D7700071A646 /* LaunchScreen.xib */; };
		DA8890721B22D7710071A646 /* DYTableViewTestTests.m in Sources */ = {isa = PBXBuildFile; fileRef = DA8890711B22D7710071A646 /* DYTableViewTestTests.m */; };
		DAF3CB591B22E2D500DB8E8B /* GoCommentModel.m in Sources */ = {isa = PBXBuildFile; fileRef = DAF3CB561B22E2D500DB8E8B /* GoCommentModel.m */; };
		DAF3CB5A1B22E2D500DB8E8B /* TestTableViewCell.m in Sources */ = {isa = PBXBuildFile; fileRef = DAF3CB581B22E2D500DB8E8B /* TestTableViewCell.m */; };
		DAF3CB7E1B22E54C00DB8E8B /* CoreGraphics.framework in Frameworks */ = {isa = PBXBuildFile; fileRef = DAF3CB7D1B22E54C00DB8E8B /* CoreGraphics.framework */; };
		EAD905D41B2488EA0060FD48 /* GoRichViewConfig.m in Sources */ = {isa = PBXBuildFile; fileRef = EAD905D31B2488EA0060FD48 /* GoRichViewConfig.m */; };
		EAD905D71B2489480060FD48 /* GoRichViewParser.m in Sources */ = {isa = PBXBuildFile; fileRef = EAD905D61B2489480060FD48 /* GoRichViewParser.m */; };
		EAD905DA1B2489920060FD48 /* GoRichViewCommentData.m in Sources */ = {isa = PBXBuildFile; fileRef = EAD905D91B2489920060FD48 /* GoRichViewCommentData.m */; };
/* End PBXBuildFile section */

/* Begin PBXContainerItemProxy section */
		DA88906C1B22D7710071A646 /* PBXContainerItemProxy */ = {
			isa = PBXContainerItemProxy;
			containerPortal = DA88904A1B22D7700071A646 /* Project object */;
			proxyType = 1;
			remoteGlobalIDString = DA8890511B22D7700071A646;
			remoteInfo = DYTableViewTest;
		};
/* End PBXContainerItemProxy section */

/* Begin PBXFileReference section */
		DA18CE4F1B23EDE2000C9971 /* GoCommentRichView.h */ = {isa = PBXFileReference; fileEncoding = 4; lastKnownFileType = sourcecode.c.h; path = GoCommentRichView.h; sourceTree = "<group>"; };
		DA18CE501B23EDE2000C9971 /* GoCommentRichView.m */ = {isa = PBXFileReference; fileEncoding = 4; lastKnownFileType = sourcecode.c.objc; path = GoCommentRichView.m; sourceTree = "<group>"; };
		DA8890521B22D7700071A646 /* DYTableViewTest.app */ = {isa = PBXFileReference; explicitFileType = wrapper.application; includeInIndex = 0; path = DYTableViewTest.app; sourceTree = BUILT_PRODUCTS_DIR; };
		DA8890561B22D7700071A646 /* Info.plist */ = {isa = PBXFileReference; lastKnownFileType = text.plist.xml; path = Info.plist; sourceTree = "<group>"; };
		DA8890571B22D7700071A646 /* main.m */ = {isa = PBXFileReference; lastKnownFileType = sourcecode.c.objc; path = main.m; sourceTree = "<group>"; };
		DA8890591B22D7700071A646 /* AppDelegate.h */ = {isa = PBXFileReference; lastKnownFileType = sourcecode.c.h; path = AppDelegate.h; sourceTree = "<group>"; };
		DA88905A1B22D7700071A646 /* AppDelegate.m */ = {isa = PBXFileReference; lastKnownFileType = sourcecode.c.objc; path = AppDelegate.m; sourceTree = "<group>"; };
		DA88905C1B22D7700071A646 /* ViewController.h */ = {isa = PBXFileReference; lastKnownFileType = sourcecode.c.h; path = ViewController.h; sourceTree = "<group>"; };
		DA88905D1B22D7700071A646 /* ViewController.m */ = {isa = PBXFileReference; lastKnownFileType = sourcecode.c.objc; path = ViewController.m; sourceTree = "<group>"; };
		DA8890601B22D7700071A646 /* Base */ = {isa = PBXFileReference; lastKnownFileType = file.storyboard; name = Base; path = Base.lproj/Main.storyboard; sourceTree = "<group>"; };
		DA8890621B22D7700071A646 /* Images.xcassets */ = {isa = PBXFileReference; lastKnownFileType = folder.assetcatalog; path = Images.xcassets; sourceTree = "<group>"; };
		DA8890651B22D7700071A646 /* Base */ = {isa = PBXFileReference; lastKnownFileType = file.xib; name = Base; path = Base.lproj/LaunchScreen.xib; sourceTree = "<group>"; };
		DA88906B1B22D7710071A646 /* DYTableViewTestTests.xctest */ = {isa = PBXFileReference; explicitFileType = wrapper.cfbundle; includeInIndex = 0; path = DYTableViewTestTests.xctest; sourceTree = BUILT_PRODUCTS_DIR; };
		DA8890701B22D7710071A646 /* Info.plist */ = {isa = PBXFileReference; lastKnownFileType = text.plist.xml; path = Info.plist; sourceTree = "<group>"; };
		DA8890711B22D7710071A646 /* DYTableViewTestTests.m */ = {isa = PBXFileReference; lastKnownFileType = sourcecode.c.objc; path = DYTableViewTestTests.m; sourceTree = "<group>"; };
		DAF3CB551B22E2D500DB8E8B /* GoCommentModel.h */ = {isa = PBXFileReference; fileEncoding = 4; lastKnownFileType = sourcecode.c.h; path = GoCommentModel.h; sourceTree = "<group>"; };
		DAF3CB561B22E2D500DB8E8B /* GoCommentModel.m */ = {isa = PBXFileReference; fileEncoding = 4; lastKnownFileType = sourcecode.c.objc; path = GoCommentModel.m; sourceTree = "<group>"; };
		DAF3CB571B22E2D500DB8E8B /* TestTableViewCell.h */ = {isa = PBXFileReference; fileEncoding = 4; lastKnownFileType = sourcecode.c.h; path = TestTableViewCell.h; sourceTree = "<group>"; };
		DAF3CB581B22E2D500DB8E8B /* TestTableViewCell.m */ = {isa = PBXFileReference; fileEncoding = 4; lastKnownFileType = sourcecode.c.objc; path = TestTableViewCell.m; sourceTree = "<group>"; };
		DAF3CB7C1B22E4BA00DB8E8B /* DYTableViewTest-Prefix.pch */ = {isa = PBXFileReference; fileEncoding = 4; lastKnownFileType = sourcecode.c.h; path = "DYTableViewTest-Prefix.pch"; sourceTree = "<group>"; };
		DAF3CB7D1B22E54C00DB8E8B /* CoreGraphics.framework */ = {isa = PBXFileReference; lastKnownFileType = wrapper.framework; name = CoreGraphics.framework; path = System/Library/Frameworks/CoreGraphics.framework; sourceTree = SDKROOT; };
		EAD905D21B2488EA0060FD48 /* GoRichViewConfig.h */ = {isa = PBXFileReference; fileEncoding = 4; lastKnownFileType = sourcecode.c.h; path = GoRichViewConfig.h; sourceTree = "<group>"; };
		EAD905D31B2488EA0060FD48 /* GoRichViewConfig.m */ = {isa = PBXFileReference; fileEncoding = 4; lastKnownFileType = sourcecode.c.objc; path = GoRichViewConfig.m; sourceTree = "<group>"; };
		EAD905D51B2489480060FD48 /* GoRichViewParser.h */ = {isa = PBXFileReference; fileEncoding = 4; lastKnownFileType = sourcecode.c.h; path = GoRichViewParser.h; sourceTree = "<group>"; };
		EAD905D61B2489480060FD48 /* GoRichViewParser.m */ = {isa = PBXFileReference; fileEncoding = 4; lastKnownFileType = sourcecode.c.objc; path = GoRichViewParser.m; sourceTree = "<group>"; };
		EAD905D81B2489920060FD48 /* GoRichViewCommentData.h */ = {isa = PBXFileReference; fileEncoding = 4; lastKnownFileType = sourcecode.c.h; path = GoRichViewCommentData.h; sourceTree = "<group>"; };
		EAD905D91B2489920060FD48 /* GoRichViewCommentData.m */ = {isa = PBXFileReference; fileEncoding = 4; lastKnownFileType = sourcecode.c.objc; path = GoRichViewCommentData.m; sourceTree = "<group>"; };
/* End PBXFileReference section */

/* Begin PBXFrameworksBuildPhase section */
		DA88904F1B22D7700071A646 /* Frameworks */ = {
			isa = PBXFrameworksBuildPhase;
			buildActionMask = 2147483647;
			files = (
				DAF3CB7E1B22E54C00DB8E8B /* CoreGraphics.framework in Frameworks */,
			);
			runOnlyForDeploymentPostprocessing = 0;
		};
		DA8890681B22D7710071A646 /* Frameworks */ = {
			isa = PBXFrameworksBuildPhase;
			buildActionMask = 2147483647;
			files = (
			);
			runOnlyForDeploymentPostprocessing = 0;
		};
/* End PBXFrameworksBuildPhase section */

/* Begin PBXGroup section */
		DA8890491B22D7700071A646 = {
			isa = PBXGroup;
			children = (
				DA8890541B22D7700071A646 /* DYTableViewTest */,
				DA88906E1B22D7710071A646 /* DYTableViewTestTests */,
				DA8890531B22D7700071A646 /* Products */,
				DAF3CB7D1B22E54C00DB8E8B /* CoreGraphics.framework */,
			);
			sourceTree = "<group>";
		};
		DA8890531B22D7700071A646 /* Products */ = {
			isa = PBXGroup;
			children = (
				DA8890521B22D7700071A646 /* DYTableViewTest.app */,
				DA88906B1B22D7710071A646 /* DYTableViewTestTests.xctest */,
			);
			name = Products;
			sourceTree = "<group>";
		};
		DA8890541B22D7700071A646 /* DYTableViewTest */ = {
			isa = PBXGroup;
			children = (
				DAF3CB551B22E2D500DB8E8B /* GoCommentModel.h */,
				DAF3CB561B22E2D500DB8E8B /* GoCommentModel.m */,
				DAF3CB571B22E2D500DB8E8B /* TestTableViewCell.h */,
				DAF3CB581B22E2D500DB8E8B /* TestTableViewCell.m */,
				DA18CE4F1B23EDE2000C9971 /* GoCommentRichView.h */,
				DA18CE501B23EDE2000C9971 /* GoCommentRichView.m */,
				EAD905D21B2488EA0060FD48 /* GoRichViewConfig.h */,
				EAD905D31B2488EA0060FD48 /* GoRichViewConfig.m */,
				EAD905D51B2489480060FD48 /* GoRichViewParser.h */,
				EAD905D61B2489480060FD48 /* GoRichViewParser.m */,
				EAD905D81B2489920060FD48 /* GoRichViewCommentData.h */,
				EAD905D91B2489920060FD48 /* GoRichViewCommentData.m */,
				DA8890591B22D7700071A646 /* AppDelegate.h */,
				DA88905A1B22D7700071A646 /* AppDelegate.m */,
				DA88905C1B22D7700071A646 /* ViewController.h */,
				DA88905D1B22D7700071A646 /* ViewController.m */,
				DA88905F1B22D7700071A646 /* Main.storyboard */,
				DA8890621B22D7700071A646 /* Images.xcassets */,
				DA8890641B22D7700071A646 /* LaunchScreen.xib */,
				DA8890551B22D7700071A646 /* Supporting Files */,
			);
			path = DYTableViewTest;
			sourceTree = "<group>";
		};
		DA8890551B22D7700071A646 /* Supporting Files */ = {
			isa = PBXGroup;
			children = (
				DA8890561B22D7700071A646 /* Info.plist */,
				DA8890571B22D7700071A646 /* main.m */,
				DAF3CB7C1B22E4BA00DB8E8B /* DYTableViewTest-Prefix.pch */,
			);
			name = "Supporting Files";
			sourceTree = "<group>";
		};
		DA88906E1B22D7710071A646 /* DYTableViewTestTests */ = {
			isa = PBXGroup;
			children = (
				DA8890711B22D7710071A646 /* DYTableViewTestTests.m */,
				DA88906F1B22D7710071A646 /* Supporting Files */,
			);
			path = DYTableViewTestTests;
			sourceTree = "<group>";
		};
		DA88906F1B22D7710071A646 /* Supporting Files */ = {
			isa = PBXGroup;
			children = (
				DA8890701B22D7710071A646 /* Info.plist */,
			);
			name = "Supporting Files";
			sourceTree = "<group>";
		};
/* End PBXGroup section */

/* Begin PBXNativeTarget section */
		DA8890511B22D7700071A646 /* DYTableViewTest */ = {
			isa = PBXNativeTarget;
			buildConfigurationList = DA8890751B22D7710071A646 /* Build configuration list for PBXNativeTarget "DYTableViewTest" */;
			buildPhases = (
				DA88904E1B22D7700071A646 /* Sources */,
				DA88904F1B22D7700071A646 /* Frameworks */,
				DA8890501B22D7700071A646 /* Resources */,
			);
			buildRules = (
			);
			dependencies = (
			);
			name = DYTableViewTest;
			productName = DYTableViewTest;
			productReference = DA8890521B22D7700071A646 /* DYTableViewTest.app */;
			productType = "com.apple.product-type.application";
		};
		DA88906A1B22D7710071A646 /* DYTableViewTestTests */ = {
			isa = PBXNativeTarget;
			buildConfigurationList = DA8890781B22D7710071A646 /* Build configuration list for PBXNativeTarget "DYTableViewTestTests" */;
			buildPhases = (
				DA8890671B22D7710071A646 /* Sources */,
				DA8890681B22D7710071A646 /* Frameworks */,
				DA8890691B22D7710071A646 /* Resources */,
			);
			buildRules = (
			);
			dependencies = (
				DA88906D1B22D7710071A646 /* PBXTargetDependency */,
			);
			name = DYTableViewTestTests;
			productName = DYTableViewTestTests;
			productReference = DA88906B1B22D7710071A646 /* DYTableViewTestTests.xctest */;
			productType = "com.apple.product-type.bundle.unit-test";
		};
/* End PBXNativeTarget section */

/* Begin PBXProject section */
		DA88904A1B22D7700071A646 /* Project object */ = {
			isa = PBXProject;
			attributes = {
				LastUpgradeCheck = 0630;
				ORGANIZATIONNAME = launch.com;
				TargetAttributes = {
					DA8890511B22D7700071A646 = {
						CreatedOnToolsVersion = 6.3.2;
					};
					DA88906A1B22D7710071A646 = {
						CreatedOnToolsVersion = 6.3.2;
						TestTargetID = DA8890511B22D7700071A646;
					};
				};
			};
			buildConfigurationList = DA88904D1B22D7700071A646 /* Build configuration list for PBXProject "DYTableViewTest" */;
			compatibilityVersion = "Xcode 3.2";
			developmentRegion = English;
			hasScannedForEncodings = 0;
			knownRegions = (
				en,
				Base,
			);
			mainGroup = DA8890491B22D7700071A646;
			productRefGroup = DA8890531B22D7700071A646 /* Products */;
			projectDirPath = "";
			projectRoot = "";
			targets = (
				DA8890511B22D7700071A646 /* DYTableViewTest */,
				DA88906A1B22D7710071A646 /* DYTableViewTestTests */,
			);
		};
/* End PBXProject section */

/* Begin PBXResourcesBuildPhase section */
		DA8890501B22D7700071A646 /* Resources */ = {
			isa = PBXResourcesBuildPhase;
			buildActionMask = 2147483647;
			files = (
				DA8890611B22D7700071A646 /* Main.storyboard in Resources */,
				DA8890661B22D7700071A646 /* LaunchScreen.xib in Resources */,
				DA8890631B22D7700071A646 /* Images.xcassets in Resources */,
			);
			runOnlyForDeploymentPostprocessing = 0;
		};
		DA8890691B22D7710071A646 /* Resources */ = {
			isa = PBXResourcesBuildPhase;
			buildActionMask = 2147483647;
			files = (
			);
			runOnlyForDeploymentPostprocessing = 0;
		};
/* End PBXResourcesBuildPhase section */

/* Begin PBXSourcesBuildPhase section */
		DA88904E1B22D7700071A646 /* Sources */ = {
			isa = PBXSourcesBuildPhase;
			buildActionMask = 2147483647;
			files = (
				DA88905E1B22D7700071A646 /* ViewController.m in Sources */,
				DAF3CB591B22E2D500DB8E8B /* GoCommentModel.m in Sources */,
				EAD905D71B2489480060FD48 /* GoRichViewParser.m in Sources */,
				DA88905B1B22D7700071A646 /* AppDelegate.m in Sources */,
				EAD905D41B2488EA0060FD48 /* GoRichViewConfig.m in Sources */,
				DAF3CB5A1B22E2D500DB8E8B /* TestTableViewCell.m in Sources */,
				DA8890581B22D7700071A646 /* main.m in Sources */,
				DA18CE511B23EDE2000C9971 /* GoCommentRichView.m in Sources */,
				EAD905DA1B2489920060FD48 /* GoRichViewCommentData.m in Sources */,
			);
			runOnlyForDeploymentPostprocessing = 0;
		};
		DA8890671B22D7710071A646 /* Sources */ = {
			isa = PBXSourcesBuildPhase;
			buildActionMask = 2147483647;
			files = (
				DA8890721B22D7710071A646 /* DYTableViewTestTests.m in Sources */,
			);
			runOnlyForDeploymentPostprocessing = 0;
		};
/* End PBXSourcesBuildPhase section */

/* Begin PBXTargetDependency section */
		DA88906D1B22D7710071A646 /* PBXTargetDependency */ = {
			isa = PBXTargetDependency;
			target = DA8890511B22D7700071A646 /* DYTableViewTest */;
			targetProxy = DA88906C1B22D7710071A646 /* PBXContainerItemProxy */;
		};
/* End PBXTargetDependency section */

/* Begin PBXVariantGroup section */
		DA88905F1B22D7700071A646 /* Main.storyboard */ = {
			isa = PBXVariantGroup;
			children = (
				DA8890601B22D7700071A646 /* Base */,
			);
			name = Main.storyboard;
			sourceTree = "<group>";
		};
		DA8890641B22D7700071A646 /* LaunchScreen.xib */ = {
			isa = PBXVariantGroup;
			children = (
				DA8890651B22D7700071A646 /* Base */,
			);
			name = LaunchScreen.xib;
			sourceTree = "<group>";
		};
/* End PBXVariantGroup section */

/* Begin XCBuildConfiguration section */
		DA8890731B22D7710071A646 /* Debug */ = {
			isa = XCBuildConfiguration;
			buildSettings = {
				ALWAYS_SEARCH_USER_PATHS = NO;
				CLANG_CXX_LANGUAGE_STANDARD = "gnu++0x";
				CLANG_CXX_LIBRARY = "libc++";
				CLANG_ENABLE_MODULES = YES;
				CLANG_ENABLE_OBJC_ARC = YES;
				CLANG_WARN_BOOL_CONVERSION = YES;
				CLANG_WARN_CONSTANT_CONVERSION = YES;
				CLANG_WARN_DIRECT_OBJC_ISA_USAGE = YES_ERROR;
				CLANG_WARN_EMPTY_BODY = YES;
				CLANG_WARN_ENUM_CONVERSION = YES;
				CLANG_WARN_INT_CONVERSION = YES;
				CLANG_WARN_OBJC_ROOT_CLASS = YES_ERROR;
				CLANG_WARN_UNREACHABLE_CODE = YES;
				CLANG_WARN__DUPLICATE_METHOD_MATCH = YES;
				"CODE_SIGN_IDENTITY[sdk=iphoneos*]" = "iPhone Developer";
				COPY_PHASE_STRIP = NO;
				DEBUG_INFORMATION_FORMAT = "dwarf-with-dsym";
				ENABLE_STRICT_OBJC_MSGSEND = YES;
				GCC_C_LANGUAGE_STANDARD = gnu99;
				GCC_DYNAMIC_NO_PIC = NO;
				GCC_NO_COMMON_BLOCKS = YES;
				GCC_OPTIMIZATION_LEVEL = 0;
				GCC_PREPROCESSOR_DEFINITIONS = (
					"DEBUG=1",
					"$(inherited)",
				);
				GCC_SYMBOLS_PRIVATE_EXTERN = NO;
				GCC_WARN_64_TO_32_BIT_CONVERSION = YES;
				GCC_WARN_ABOUT_RETURN_TYPE = YES_ERROR;
				GCC_WARN_UNDECLARED_SELECTOR = YES;
				GCC_WARN_UNINITIALIZED_AUTOS = YES_AGGRESSIVE;
				GCC_WARN_UNUSED_FUNCTION = YES;
				GCC_WARN_UNUSED_VARIABLE = YES;
				IPHONEOS_DEPLOYMENT_TARGET = 8.3;
				MTL_ENABLE_DEBUG_INFO = YES;
				ONLY_ACTIVE_ARCH = YES;
				SDKROOT = iphoneos;
			};
			name = Debug;
		};
		DA8890741B22D7710071A646 /* Release */ = {
			isa = XCBuildConfiguration;
			buildSettings = {
				ALWAYS_SEARCH_USER_PATHS = NO;
				CLANG_CXX_LANGUAGE_STANDARD = "gnu++0x";
				CLANG_CXX_LIBRARY = "libc++";
				CLANG_ENABLE_MODULES = YES;
				CLANG_ENABLE_OBJC_ARC = YES;
				CLANG_WARN_BOOL_CONVERSION = YES;
				CLANG_WARN_CONSTANT_CONVERSION = YES;
				CLANG_WARN_DIRECT_OBJC_ISA_USAGE = YES_ERROR;
				CLANG_WARN_EMPTY_BODY = YES;
				CLANG_WARN_ENUM_CONVERSION = YES;
				CLANG_WARN_INT_CONVERSION = YES;
				CLANG_WARN_OBJC_ROOT_CLASS = YES_ERROR;
				CLANG_WARN_UNREACHABLE_CODE = YES;
				CLANG_WARN__DUPLICATE_METHOD_MATCH = YES;
				"CODE_SIGN_IDENTITY[sdk=iphoneos*]" = "iPhone Developer";
				COPY_PHASE_STRIP = NO;
				DEBUG_INFORMATION_FORMAT = "dwarf-with-dsym";
				ENABLE_NS_ASSERTIONS = NO;
				ENABLE_STRICT_OBJC_MSGSEND = YES;
				GCC_C_LANGUAGE_STANDARD = gnu99;
				GCC_NO_COMMON_BLOCKS = YES;
				GCC_WARN_64_TO_32_BIT_CONVERSION = YES;
				GCC_WARN_ABOUT_RETURN_TYPE = YES_ERROR;
				GCC_WARN_UNDECLARED_SELECTOR = YES;
				GCC_WARN_UNINITIALIZED_AUTOS = YES_AGGRESSIVE;
				GCC_WARN_UNUSED_FUNCTION = YES;
				GCC_WARN_UNUSED_VARIABLE = YES;
				IPHONEOS_DEPLOYMENT_TARGET = 8.3;
				MTL_ENABLE_DEBUG_INFO = NO;
				SDKROOT = iphoneos;
				VALIDATE_PRODUCT = YES;
			};
			name = Release;
		};
		DA8890761B22D7710071A646 /* Debug */ = {
			isa = XCBuildConfiguration;
			buildSettings = {
				ASSETCATALOG_COMPILER_APPICON_NAME = AppIcon;
				GCC_PRECOMPILE_PREFIX_HEADER = YES;
				GCC_PREFIX_HEADER = "DYTableViewTest/DYTableViewTest-Prefix.pch";
				INFOPLIST_FILE = DYTableViewTest/Info.plist;
				IPHONEOS_DEPLOYMENT_TARGET = 7.1;
				LD_RUNPATH_SEARCH_PATHS = "$(inherited) @executable_path/Frameworks";
				PRODUCT_NAME = "$(TARGET_NAME)";
				PROVISIONING_PROFILE = "228a1242-d247-45a1-b1ef-11eecf382dbb";
			};
			name = Debug;
		};
		DA8890771B22D7710071A646 /* Release */ = {
			isa = XCBuildConfiguration;
			buildSettings = {
				ASSETCATALOG_COMPILER_APPICON_NAME = AppIcon;
				GCC_PRECOMPILE_PREFIX_HEADER = YES;
				GCC_PREFIX_HEADER = "DYTableViewTest/DYTableViewTest-Prefix.pch";
				INFOPLIST_FILE = DYTableViewTest/Info.plist;
				IPHONEOS_DEPLOYMENT_TARGET = 7.1;
				LD_RUNPATH_SEARCH_PATHS = "$(inherited) @executable_path/Frameworks";
				PRODUCT_NAME = "$(TARGET_NAME)";
				PROVISIONING_PROFILE = "228a1242-d247-45a1-b1ef-11eecf382dbb";
			};
			name = Release;
		};
		DA8890791B22D7710071A646 /* Debug */ = {
			isa = XCBuildConfiguration;
			buildSettings = {
				BUNDLE_LOADER = "$(TEST_HOST)";
				FRAMEWORK_SEARCH_PATHS = (
					"$(SDKROOT)/Developer/Library/Frameworks",
					"$(inherited)",
				);
				GCC_PREPROCESSOR_DEFINITIONS = (
					"DEBUG=1",
					"$(inherited)",
				);
				INFOPLIST_FILE = DYTableViewTestTests/Info.plist;
				LD_RUNPATH_SEARCH_PATHS = "$(inherited) @executable_path/Frameworks @loader_path/Frameworks";
				PRODUCT_NAME = "$(TARGET_NAME)";
				TEST_HOST = "$(BUILT_PRODUCTS_DIR)/DYTableViewTest.app/DYTableViewTest";
			};
			name = Debug;
		};
		DA88907A1B22D7710071A646 /* Release */ = {
			isa = XCBuildConfiguration;
			buildSettings = {
				BUNDLE_LOADER = "$(TEST_HOST)";
				FRAMEWORK_SEARCH_PATHS = (
					"$(SDKROOT)/Developer/Library/Frameworks",
					"$(inherited)",
				);
				INFOPLIST_FILE = DYTableViewTestTests/Info.plist;
				LD_RUNPATH_SEARCH_PATHS = "$(inherited) @executable_path/Frameworks @loader_path/Frameworks";
				PRODUCT_NAME = "$(TARGET_NAME)";
				TEST_HOST = "$(BUILT_PRODUCTS_DIR)/DYTableViewTest.app/DYTableViewTest";
			};
			name = Release;
		};
/* End XCBuildConfiguration section */

/* Begin XCConfigurationList section */
		DA88904D1B22D7700071A646 /* Build configuration list for PBXProject "DYTableViewTest" */ = {
			isa = XCConfigurationList;
			buildConfigurations = (
				DA8890731B22D7710071A646 /* Debug */,
				DA8890741B22D7710071A646 /* Release */,
			);
			defaultConfigurationIsVisible = 0;
			defaultConfigurationName = Release;
		};
		DA8890751B22D7710071A646 /* Build configuration list for PBXNativeTarget "DYTableViewTest" */ = {
			isa = XCConfigurationList;
			buildConfigurations = (
				DA8890761B22D7710071A646 /* Debug */,
				DA8890771B22D7710071A646 /* Release */,
			);
			defaultConfigurationIsVisible = 0;
			defaultConfigurationName = Release;
		};
		DA8890781B22D7710071A646 /* Build configuration list for PBXNativeTarget "DYTableViewTestTests" */ = {
			isa = XCConfigurationList;
			buildConfigurations = (
				DA8890791B22D7710071A646 /* Debug */,
				DA88907A1B22D7710071A646 /* Release */,
			);
			defaultConfigurationIsVisible = 0;
			defaultConfigurationName = Release;
		};
/* End XCConfigurationList section */
	};
	rootObject = DA88904A1B22D7700071A646 /* Project object */;
}
